lockfileVersion: '9.0'

settings:
  autoInstallPeers: true
  excludeLinksFromLockfile: false

importers:

  .:
    dependencies:
      dotenv:
        specifier: ^17.2.4
        version: 17.2.4
      dotenv-vault-core:
        specifier: ^0.7.1
        version: 0.7.1

packages:

  dotenv-vault-core@0.7.1:
    resolution: {integrity: sha512-hmtT/1WXNvgMgysvF+GZX0mBX92+mUJ2V2B8KV2qXl44+M8BBNjiZcTJViZMIqKxLjLfjBtGGyvIodd98JNgMg==}
    engines: {node: '>=12'}

  dotenv@16.6.1:
    resolution: {integrity: sha512-uBq4egWHTcTt33a72vpSG0z3HnPuIl6NqYcTrKEg2azoEyl2hpW0zqlxysq2pK9HlDIHyHyakeYaYnSAwd8bow==}
    engines: {node: '>=12'}

  dotenv@17.2.4:
    resolution: {integrity: sha512-mudtfb4zRB4bVvdj0xRo+e6duH1csJRM8IukBqfTRvHotn9+LBXB8ynAidP9zHqoRC/fsllXgk4kCKlR21fIhw==}
    engines: {node: '>=12'}

snapshots:

  dotenv-vault-core@0.7.1:
    dependencies:
      dotenv: 16.6.1

  dotenv@16.6.1: {}

  dotenv@17.2.4: {}
